
Microsoft Visual Studio Solution File, Format Version 12.00
# Visual Studio Version 17
VisualStudioVersion = 17.2.32526.322
MinimumVisualStudioVersion = 10.0.40219.1
Project("{9A19103F-16F7-4668-BE54-9A1E7A4F7556}") = "GitAutoCommit", "GitAutoCommit\GitAutoCommit.csproj", "{AD9264CD-EF23-49C6-8F5B-A2BFC3FB4E25}"
EndProject
Project("{2150E333-8FDC-42A3-9474-1A3956D46DE8}") = "Solution Items", "Solution Items", "{D2FBD393-187E-41E1-AB06-B5060B8BC40C}"
	ProjectSection(SolutionItems) = preProject
		.editorconfig = .editorconfig
	EndProjectSection
EndProject
Global
	GlobalSection(SolutionConfigurationPlatforms) = preSolution
		Debug|Any CPU = Debug|Any CPU
		Debug|x64 = Debug|x64
		Release|Any CPU = Release|Any CPU
		Release|x64 = Release|x64
	EndGlobalSection
	GlobalSection(ProjectConfigurationPlatforms) = postSolution
		{AD9264CD-EF23-49C6-8F5B-A2BFC3FB4E25}.Debug|Any CPU.ActiveCfg = Debug|Any CPU
		{AD9264CD-EF23-49C6-8F5B-A2BFC3FB4E25}.Debug|Any CPU.Build.0 = Debug|Any CPU
		{AD9264CD-EF23-49C6-8F5B-A2BFC3FB4E25}.Debug|x64.ActiveCfg = Debug|x64
		{AD9264CD-EF23-49C6-8F5B-A2BFC3FB4E25}.Debug|x64.Build.0 = Debug|x64
		{AD9264CD-EF23-49C6-8F5B-A2BFC3FB4E25}.Release|Any CPU.ActiveCfg = Release|Any CPU
		{AD9264CD-EF23-49C6-8F5B-A2BFC3FB4E25}.Release|Any CPU.Build.0 = Release|Any CPU
		{AD9264CD-EF23-49C6-8F5B-A2BFC3FB4E25}.Release|x64.ActiveCfg = Release|x64
		{AD9264CD-EF23-49C6-8F5B-A2BFC3FB4E25}.Release|x64.Build.0 = Release|x64
	EndGlobalSection
	GlobalSection(SolutionProperties) = preSolution
		HideSolutionNode = FALSE
	EndGlobalSection
	GlobalSection(ExtensibilityGlobals) = postSolution
		SolutionGuid = {8F1E3BC4-70C5-44EF-9E89-BC74111CB567}
	EndGlobalSection
EndGlobal
